// !$*UTF8*$!
{
	archiveVersion = 1;
	classes = {
	};
	objectVersion = 46;
	objects = {

/* Begin PBXBuildFile section */
		26E697F920BF137900E1DA8B /* BlockedCell.swift in Sources */ = {isa = PBXBuildFile; fileRef = 26E697F620BF137900E1DA8B /* BlockedCell.swift */; };
		26E697FA20BF137900E1DA8B /* FriendCell.swift in Sources */ = {isa = PBXBuildFile; fileRef = 26E697F720BF137900E1DA8B /* FriendCell.swift */; };
		26E697FB20BF137900E1DA8B /* RequestCell.swift in Sources */ = {isa = PBXBuildFile; fileRef = 26E697F820BF137900E1DA8B /* RequestCell.swift */; };
		26E697FD20BF1A7600E1DA8B /* LocationRepository.swift in Sources */ = {isa = PBXBuildFile; fileRef = 26E697FC20BF1A7600E1DA8B /* LocationRepository.swift */; };
		D61E165A20A9A411003EB242 /* MapViewController.swift in Sources */ = {isa = PBXBuildFile; fileRef = D61E165820A9A411003EB242 /* MapViewController.swift */; };
		D61E165E20A9A442003EB242 /* HTTPService.swift in Sources */ = {isa = PBXBuildFile; fileRef = D61E165D20A9A442003EB242 /* HTTPService.swift */; };
		D61E166120A9A455003EB242 /* User.swift in Sources */ = {isa = PBXBuildFile; fileRef = D61E166020A9A455003EB242 /* User.swift */; };
		D61E166620A9A482003EB242 /* UserRepository.swift in Sources */ = {isa = PBXBuildFile; fileRef = D61E166420A9A482003EB242 /* UserRepository.swift */; };
		D6289B1020C07501000C1DF1 /* UserAnnotation.swift in Sources */ = {isa = PBXBuildFile; fileRef = D6289B0E20C07501000C1DF1 /* UserAnnotation.swift */; };
		D6289B1120C07501000C1DF1 /* UserAnnotationView.swift in Sources */ = {isa = PBXBuildFile; fileRef = D6289B0F20C07501000C1DF1 /* UserAnnotationView.swift */; };
		D63DEB1220C0760700C54FA4 /* UserDetailMapView.swift in Sources */ = {isa = PBXBuildFile; fileRef = D63DEB1020C0760700C54FA4 /* UserDetailMapView.swift */; };
		D63DEB1320C0760700C54FA4 /* UserDetailMapView.xib in Resources */ = {isa = PBXBuildFile; fileRef = D63DEB1120C0760700C54FA4 /* UserDetailMapView.xib */; };
		D63F2B5D207FA14500DC6BCB /* AppDelegate.swift in Sources */ = {isa = PBXBuildFile; fileRef = D63F2B5C207FA14500DC6BCB /* AppDelegate.swift */; };
		D63F2B62207FA14500DC6BCB /* Main.storyboard in Resources */ = {isa = PBXBuildFile; fileRef = D63F2B60207FA14500DC6BCB /* Main.storyboard */; };
		D63F2B64207FA14500DC6BCB /* Assets.xcassets in Resources */ = {isa = PBXBuildFile; fileRef = D63F2B63207FA14500DC6BCB /* Assets.xcassets */; };
		D63F2B67207FA14500DC6BCB /* LaunchScreen.storyboard in Resources */ = {isa = PBXBuildFile; fileRef = D63F2B65207FA14500DC6BCB /* LaunchScreen.storyboard */; };
		D63F2B72207FA14500DC6BCB /* compaTests.swift in Sources */ = {isa = PBXBuildFile; fileRef = D63F2B71207FA14500DC6BCB /* compaTests.swift */; };
		D63F2B7D207FA14500DC6BCB /* compaUITests.swift in Sources */ = {isa = PBXBuildFile; fileRef = D63F2B7C207FA14500DC6BCB /* compaUITests.swift */; };
		D649BC9720C19210006268DD /* FriendshipRepository.swift in Sources */ = {isa = PBXBuildFile; fileRef = D649BC9620C19210006268DD /* FriendshipRepository.swift */; };
		D6551D2D20C57BB6006482A5 /* ImageService.swift in Sources */ = {isa = PBXBuildFile; fileRef = D6551D2C20C57BB6006482A5 /* ImageService.swift */; };
		D6551D2F20C59A1E006482A5 /* UpdatePasswordViewController.swift in Sources */ = {isa = PBXBuildFile; fileRef = D6551D2E20C59A1E006482A5 /* UpdatePasswordViewController.swift */; };
		D6551D3320C5BF31006482A5 /* MainViewController.swift in Sources */ = {isa = PBXBuildFile; fileRef = D6551D3220C5BF31006482A5 /* MainViewController.swift */; };
		D65CF9A020B70358009CC9CD /* FriendRequestTableView.swift in Sources */ = {isa = PBXBuildFile; fileRef = D65CF99F20B70358009CC9CD /* FriendRequestTableView.swift */; };
		D65CF9A220B70672009CC9CD /* BlockedUsersTableView.swift in Sources */ = {isa = PBXBuildFile; fileRef = D65CF9A120B70672009CC9CD /* BlockedUsersTableView.swift */; };
		D665FCDC20AC411B00B81545 /* RegisterViewController.swift in Sources */ = {isa = PBXBuildFile; fileRef = D665FCD920AC411B00B81545 /* RegisterViewController.swift */; };
		D665FCDF20AC489700B81545 /* AuthenticationService.swift in Sources */ = {isa = PBXBuildFile; fileRef = D665FCDE20AC489700B81545 /* AuthenticationService.swift */; };
		D676FA2920B45C0A00B46CCF /* Location.swift in Sources */ = {isa = PBXBuildFile; fileRef = D676FA2820B45C0A00B46CCF /* Location.swift */; };
		D678DF1F20C2EAF200B2C68B /* ForgottenPasswordViewController.swift in Sources */ = {isa = PBXBuildFile; fileRef = D678DF1E20C2EAF200B2C68B /* ForgottenPasswordViewController.swift */; };
		D68116E920BC869F00E41866 /* UIViewControllerExtension.swift in Sources */ = {isa = PBXBuildFile; fileRef = D68116E820BC869F00E41866 /* UIViewControllerExtension.swift */; };
		D68116EA20BC87A300E41866 /* LoginViewController.swift in Sources */ = {isa = PBXBuildFile; fileRef = D665FCD820AC411B00B81545 /* LoginViewController.swift */; };
		D692E83020C818C100A3AC49 /* ProfileViewController.swift in Sources */ = {isa = PBXBuildFile; fileRef = D692E82F20C818C100A3AC49 /* ProfileViewController.swift */; };
		D692E83220C8327600A3AC49 /* RequestSendedCell.swift in Sources */ = {isa = PBXBuildFile; fileRef = D692E83120C8327600A3AC49 /* RequestSendedCell.swift */; };
		D6E9182320C16BE100B37135 /* SearchTextField.swift in Sources */ = {isa = PBXBuildFile; fileRef = D6E9182220C16BE100B37135 /* SearchTextField.swift */; };
		D6E9CBDB20AEF37000DF5CE0 /* FriendViewController.swift in Sources */ = {isa = PBXBuildFile; fileRef = D6E9CBDA20AEF37000DF5CE0 /* FriendViewController.swift */; };
		D6FA2B0820B582B30009686E /* FriendProfileViewController.swift in Sources */ = {isa = PBXBuildFile; fileRef = D6FA2B0720B582B30009686E /* FriendProfileViewController.swift */; };
		D6FA2B0A20B588350009686E /* EditProfileViewController.swift in Sources */ = {isa = PBXBuildFile; fileRef = D6FA2B0920B588350009686E /* EditProfileViewController.swift */; };
/* End PBXBuildFile section */

/* Begin PBXContainerItemProxy section */
		D63F2B6E207FA14500DC6BCB /* PBXContainerItemProxy */ = {
			isa = PBXContainerItemProxy;
			containerPortal = D63F2B51207FA14500DC6BCB /* Project object */;
			proxyType = 1;
			remoteGlobalIDString = D63F2B58207FA14500DC6BCB;
			remoteInfo = compa;
		};
		D63F2B79207FA14500DC6BCB /* PBXContainerItemProxy */ = {
			isa = PBXContainerItemProxy;
			containerPortal = D63F2B51207FA14500DC6BCB /* Project object */;
			proxyType = 1;
			remoteGlobalIDString = D63F2B58207FA14500DC6BCB;
			remoteInfo = compa;
		};
/* End PBXContainerItemProxy section */

/* Begin PBXFileReference section */
		26E697F620BF137900E1DA8B /* BlockedCell.swift */ = {isa = PBXFileReference; fileEncoding = 4; lastKnownFileType = sourcecode.swift; path = BlockedCell.swift; sourceTree = "<group>"; };
		26E697F720BF137900E1DA8B /* FriendCell.swift */ = {isa = PBXFileReference; fileEncoding = 4; lastKnownFileType = sourcecode.swift; path = FriendCell.swift; sourceTree = "<group>"; };
		26E697F820BF137900E1DA8B /* RequestCell.swift */ = {isa = PBXFileReference; fileEncoding = 4; lastKnownFileType = sourcecode.swift; path = RequestCell.swift; sourceTree = "<group>"; };
		26E697FC20BF1A7600E1DA8B /* LocationRepository.swift */ = {isa = PBXFileReference; lastKnownFileType = sourcecode.swift; path = LocationRepository.swift; sourceTree = "<group>"; };
		D61E165820A9A411003EB242 /* MapViewController.swift */ = {isa = PBXFileReference; fileEncoding = 4; lastKnownFileType = sourcecode.swift; path = MapViewController.swift; sourceTree = "<group>"; };
		D61E165D20A9A442003EB242 /* HTTPService.swift */ = {isa = PBXFileReference; fileEncoding = 4; lastKnownFileType = sourcecode.swift; path = HTTPService.swift; sourceTree = "<group>"; };
		D61E166020A9A455003EB242 /* User.swift */ = {isa = PBXFileReference; fileEncoding = 4; lastKnownFileType = sourcecode.swift; path = User.swift; sourceTree = "<group>"; };
		D61E166420A9A482003EB242 /* UserRepository.swift */ = {isa = PBXFileReference; fileEncoding = 4; lastKnownFileType = sourcecode.swift; path = UserRepository.swift; sourceTree = "<group>"; };
		D6289B0E20C07501000C1DF1 /* UserAnnotation.swift */ = {isa = PBXFileReference; fileEncoding = 4; lastKnownFileType = sourcecode.swift; name = UserAnnotation.swift; path = ../UserAnnotation.swift; sourceTree = "<group>"; };
		D6289B0F20C07501000C1DF1 /* UserAnnotationView.swift */ = {isa = PBXFileReference; fileEncoding = 4; lastKnownFileType = sourcecode.swift; name = UserAnnotationView.swift; path = ../UserAnnotationView.swift; sourceTree = "<group>"; };
		D63DEB1020C0760700C54FA4 /* UserDetailMapView.swift */ = {isa = PBXFileReference; fileEncoding = 4; lastKnownFileType = sourcecode.swift; name = UserDetailMapView.swift; path = ../UserDetailMapView.swift; sourceTree = "<group>"; };
		D63DEB1120C0760700C54FA4 /* UserDetailMapView.xib */ = {isa = PBXFileReference; fileEncoding = 4; lastKnownFileType = file.xib; name = UserDetailMapView.xib; path = ../UserDetailMapView.xib; sourceTree = "<group>"; };
		D63F2B59207FA14500DC6BCB /* compa.app */ = {isa = PBXFileReference; explicitFileType = wrapper.application; includeInIndex = 0; path = compa.app; sourceTree = BUILT_PRODUCTS_DIR; };
		D63F2B5C207FA14500DC6BCB /* AppDelegate.swift */ = {isa = PBXFileReference; lastKnownFileType = sourcecode.swift; path = AppDelegate.swift; sourceTree = "<group>"; };
		D63F2B61207FA14500DC6BCB /* Base */ = {isa = PBXFileReference; lastKnownFileType = file.storyboard; name = Base; path = Base.lproj/Main.storyboard; sourceTree = "<group>"; };
		D63F2B63207FA14500DC6BCB /* Assets.xcassets */ = {isa = PBXFileReference; lastKnownFileType = folder.assetcatalog; path = Assets.xcassets; sourceTree = "<group>"; };
		D63F2B66207FA14500DC6BCB /* Base */ = {isa = PBXFileReference; lastKnownFileType = file.storyboard; name = Base; path = Base.lproj/LaunchScreen.storyboard; sourceTree = "<group>"; };
		D63F2B68207FA14500DC6BCB /* Info.plist */ = {isa = PBXFileReference; lastKnownFileType = text.plist.xml; path = Info.plist; sourceTree = "<group>"; };
		D63F2B6D207FA14500DC6BCB /* compaTests.xctest */ = {isa = PBXFileReference; explicitFileType = wrapper.cfbundle; includeInIndex = 0; path = compaTests.xctest; sourceTree = BUILT_PRODUCTS_DIR; };
		D63F2B71207FA14500DC6BCB /* compaTests.swift */ = {isa = PBXFileReference; lastKnownFileType = sourcecode.swift; path = compaTests.swift; sourceTree = "<group>"; };
		D63F2B73207FA14500DC6BCB /* Info.plist */ = {isa = PBXFileReference; lastKnownFileType = text.plist.xml; path = Info.plist; sourceTree = "<group>"; };
		D63F2B78207FA14500DC6BCB /* compaUITests.xctest */ = {isa = PBXFileReference; explicitFileType = wrapper.cfbundle; includeInIndex = 0; path = compaUITests.xctest; sourceTree = BUILT_PRODUCTS_DIR; };
		D63F2B7C207FA14500DC6BCB /* compaUITests.swift */ = {isa = PBXFileReference; lastKnownFileType = sourcecode.swift; path = compaUITests.swift; sourceTree = "<group>"; };
		D63F2B7E207FA14500DC6BCB /* Info.plist */ = {isa = PBXFileReference; lastKnownFileType = text.plist.xml; path = Info.plist; sourceTree = "<group>"; };
		D649BC9620C19210006268DD /* FriendshipRepository.swift */ = {isa = PBXFileReference; fileEncoding = 4; lastKnownFileType = sourcecode.swift; path = FriendshipRepository.swift; sourceTree = "<group>"; };
		D6551D2C20C57BB6006482A5 /* ImageService.swift */ = {isa = PBXFileReference; fileEncoding = 4; lastKnownFileType = sourcecode.swift; path = ImageService.swift; sourceTree = "<group>"; };
		D6551D2E20C59A1E006482A5 /* UpdatePasswordViewController.swift */ = {isa = PBXFileReference; fileEncoding = 4; lastKnownFileType = sourcecode.swift; path = UpdatePasswordViewController.swift; sourceTree = "<group>"; };
		D6551D3220C5BF31006482A5 /* MainViewController.swift */ = {isa = PBXFileReference; fileEncoding = 4; lastKnownFileType = sourcecode.swift; path = MainViewController.swift; sourceTree = "<group>"; };
		D65CF99F20B70358009CC9CD /* FriendRequestTableView.swift */ = {isa = PBXFileReference; fileEncoding = 4; lastKnownFileType = sourcecode.swift; path = FriendRequestTableView.swift; sourceTree = "<group>"; };
		D65CF9A120B70672009CC9CD /* BlockedUsersTableView.swift */ = {isa = PBXFileReference; fileEncoding = 4; lastKnownFileType = sourcecode.swift; path = BlockedUsersTableView.swift; sourceTree = "<group>"; };
		D665FCD820AC411B00B81545 /* LoginViewController.swift */ = {isa = PBXFileReference; fileEncoding = 4; lastKnownFileType = sourcecode.swift; path = LoginViewController.swift; sourceTree = "<group>"; };
		D665FCD920AC411B00B81545 /* RegisterViewController.swift */ = {isa = PBXFileReference; fileEncoding = 4; lastKnownFileType = sourcecode.swift; path = RegisterViewController.swift; sourceTree = "<group>"; };
		D665FCDE20AC489700B81545 /* AuthenticationService.swift */ = {isa = PBXFileReference; fileEncoding = 4; lastKnownFileType = sourcecode.swift; path = AuthenticationService.swift; sourceTree = "<group>"; };
		D676FA2820B45C0A00B46CCF /* Location.swift */ = {isa = PBXFileReference; fileEncoding = 4; lastKnownFileType = sourcecode.swift; path = Location.swift; sourceTree = "<group>"; };
		D678DF1E20C2EAF200B2C68B /* ForgottenPasswordViewController.swift */ = {isa = PBXFileReference; fileEncoding = 4; lastKnownFileType = sourcecode.swift; path = ForgottenPasswordViewController.swift; sourceTree = "<group>"; };
		D68116E820BC869F00E41866 /* UIViewControllerExtension.swift */ = {isa = PBXFileReference; fileEncoding = 4; lastKnownFileType = sourcecode.swift; path = UIViewControllerExtension.swift; sourceTree = "<group>"; };
		D692E82F20C818C100A3AC49 /* ProfileViewController.swift */ = {isa = PBXFileReference; fileEncoding = 4; lastKnownFileType = sourcecode.swift; path = ProfileViewController.swift; sourceTree = "<group>"; };
		D692E83120C8327600A3AC49 /* RequestSendedCell.swift */ = {isa = PBXFileReference; fileEncoding = 4; lastKnownFileType = sourcecode.swift; path = RequestSendedCell.swift; sourceTree = "<group>"; };
		D6E9182220C16BE100B37135 /* SearchTextField.swift */ = {isa = PBXFileReference; fileEncoding = 4; lastKnownFileType = sourcecode.swift; path = SearchTextField.swift; sourceTree = "<group>"; };
		D6E9CBDA20AEF37000DF5CE0 /* FriendViewController.swift */ = {isa = PBXFileReference; fileEncoding = 4; lastKnownFileType = sourcecode.swift; path = FriendViewController.swift; sourceTree = "<group>"; };
		D6FA2B0720B582B30009686E /* FriendProfileViewController.swift */ = {isa = PBXFileReference; fileEncoding = 4; lastKnownFileType = sourcecode.swift; path = FriendProfileViewController.swift; sourceTree = "<group>"; };
		D6FA2B0920B588350009686E /* EditProfileViewController.swift */ = {isa = PBXFileReference; fileEncoding = 4; lastKnownFileType = sourcecode.swift; path = EditProfileViewController.swift; sourceTree = "<group>"; };
/* End PBXFileReference section */

/* Begin PBXFrameworksBuildPhase section */
		D63F2B56207FA14500DC6BCB /* Frameworks */ = {
			isa = PBXFrameworksBuildPhase;
			buildActionMask = 2147483647;
			files = (
			);
			runOnlyForDeploymentPostprocessing = 0;
		};
		D63F2B6A207FA14500DC6BCB /* Frameworks */ = {
			isa = PBXFrameworksBuildPhase;
			buildActionMask = 2147483647;
			files = (
			);
			runOnlyForDeploymentPostprocessing = 0;
		};
		D63F2B75207FA14500DC6BCB /* Frameworks */ = {
			isa = PBXFrameworksBuildPhase;
			buildActionMask = 2147483647;
			files = (
			);
			runOnlyForDeploymentPostprocessing = 0;
		};
/* End PBXFrameworksBuildPhase section */

/* Begin PBXGroup section */
		26E697F520BF137900E1DA8B /* Views */ = {
			isa = PBXGroup;
			children = (
				D6E9182220C16BE100B37135 /* SearchTextField.swift */,
				D63DEB1020C0760700C54FA4 /* UserDetailMapView.swift */,
				D63DEB1120C0760700C54FA4 /* UserDetailMapView.xib */,
				D6289B0E20C07501000C1DF1 /* UserAnnotation.swift */,
				D6289B0F20C07501000C1DF1 /* UserAnnotationView.swift */,
				26E697F620BF137900E1DA8B /* BlockedCell.swift */,
				26E697F720BF137900E1DA8B /* FriendCell.swift */,
				26E697F820BF137900E1DA8B /* RequestCell.swift */,

				D692E83120C8327600A3AC49 /* RequestSendedCell.swift */,

			);
			path = Views;
			sourceTree = "<group>";
		};
		D61E165720A9A411003EB242 /* Controller */ = {
			isa = PBXGroup;
			children = (
				D665FCD820AC411B00B81545 /* LoginViewController.swift */,
				D665FCD920AC411B00B81545 /* RegisterViewController.swift */,
				D61E165820A9A411003EB242 /* MapViewController.swift */,
				D6FA2B0720B582B30009686E /* FriendProfileViewController.swift */,
				D6FA2B0920B588350009686E /* EditProfileViewController.swift */,
				D6E9CBDA20AEF37000DF5CE0 /* FriendViewController.swift */,
				D65CF9A120B70672009CC9CD /* BlockedUsersTableView.swift */,
				D65CF99F20B70358009CC9CD /* FriendRequestTableView.swift */,
				D678DF1E20C2EAF200B2C68B /* ForgottenPasswordViewController.swift */,

				D6551D2E20C59A1E006482A5 /* UpdatePasswordViewController.swift */,
				D6551D3220C5BF31006482A5 /* MainViewController.swift */,

				D692E82F20C818C100A3AC49 /* ProfileViewController.swift */,

			);
			path = Controller;
			sourceTree = "<group>";
		};
		D61E165C20A9A442003EB242 /* Service */ = {
			isa = PBXGroup;
			children = (
				D61E165D20A9A442003EB242 /* HTTPService.swift */,
				D665FCDE20AC489700B81545 /* AuthenticationService.swift */,
				D6551D2C20C57BB6006482A5 /* ImageService.swift */,
			);
			path = Service;
			sourceTree = "<group>";
		};
		D61E165F20A9A455003EB242 /* Model */ = {
			isa = PBXGroup;
			children = (
				D61E166020A9A455003EB242 /* User.swift */,
				D676FA2820B45C0A00B46CCF /* Location.swift */,
			);
			path = Model;
			sourceTree = "<group>";
		};
		D61E166220A9A482003EB242 /* Repository */ = {
			isa = PBXGroup;
			children = (
				D61E166420A9A482003EB242 /* UserRepository.swift */,
				26E697FC20BF1A7600E1DA8B /* LocationRepository.swift */,
				D649BC9620C19210006268DD /* FriendshipRepository.swift */,
			);
			path = Repository;
			sourceTree = "<group>";
		};
		D63F2B50207FA14500DC6BCB = {
			isa = PBXGroup;
			children = (
				D63F2B5B207FA14500DC6BCB /* compa */,
				D63F2B70207FA14500DC6BCB /* compaTests */,
				D63F2B7B207FA14500DC6BCB /* compaUITests */,
				D63F2B5A207FA14500DC6BCB /* Products */,
			);
			sourceTree = "<group>";
		};
		D63F2B5A207FA14500DC6BCB /* Products */ = {
			isa = PBXGroup;
			children = (
				D63F2B59207FA14500DC6BCB /* compa.app */,
				D63F2B6D207FA14500DC6BCB /* compaTests.xctest */,
				D63F2B78207FA14500DC6BCB /* compaUITests.xctest */,
			);
			name = Products;
			sourceTree = "<group>";
		};
		D63F2B5B207FA14500DC6BCB /* compa */ = {
			isa = PBXGroup;
			children = (
				26E697F520BF137900E1DA8B /* Views */,
				D61E166220A9A482003EB242 /* Repository */,
				D61E165F20A9A455003EB242 /* Model */,
				D61E165C20A9A442003EB242 /* Service */,
				D61E165720A9A411003EB242 /* Controller */,
				D63F2B5C207FA14500DC6BCB /* AppDelegate.swift */,
				D63F2B60207FA14500DC6BCB /* Main.storyboard */,
				D63F2B63207FA14500DC6BCB /* Assets.xcassets */,
				D63F2B65207FA14500DC6BCB /* LaunchScreen.storyboard */,
				D63F2B68207FA14500DC6BCB /* Info.plist */,
				D68116E820BC869F00E41866 /* UIViewControllerExtension.swift */,
			);
			path = compa;
			sourceTree = "<group>";
		};
		D63F2B70207FA14500DC6BCB /* compaTests */ = {
			isa = PBXGroup;
			children = (
				D63F2B71207FA14500DC6BCB /* compaTests.swift */,
				D63F2B73207FA14500DC6BCB /* Info.plist */,
			);
			path = compaTests;
			sourceTree = "<group>";
		};
		D63F2B7B207FA14500DC6BCB /* compaUITests */ = {
			isa = PBXGroup;
			children = (
				D63F2B7C207FA14500DC6BCB /* compaUITests.swift */,
				D63F2B7E207FA14500DC6BCB /* Info.plist */,
			);
			path = compaUITests;
			sourceTree = "<group>";
		};
/* End PBXGroup section */

/* Begin PBXNativeTarget section */
		D63F2B58207FA14500DC6BCB /* compa */ = {
			isa = PBXNativeTarget;
			buildConfigurationList = D63F2B81207FA14500DC6BCB /* Build configuration list for PBXNativeTarget "compa" */;
			buildPhases = (
				D63F2B55207FA14500DC6BCB /* Sources */,
				D63F2B56207FA14500DC6BCB /* Frameworks */,
				D63F2B57207FA14500DC6BCB /* Resources */,
			);
			buildRules = (
			);
			dependencies = (
			);
			name = compa;
			productName = compa;
			productReference = D63F2B59207FA14500DC6BCB /* compa.app */;
			productType = "com.apple.product-type.application";
		};
		D63F2B6C207FA14500DC6BCB /* compaTests */ = {
			isa = PBXNativeTarget;
			buildConfigurationList = D63F2B84207FA14500DC6BCB /* Build configuration list for PBXNativeTarget "compaTests" */;
			buildPhases = (
				D63F2B69207FA14500DC6BCB /* Sources */,
				D63F2B6A207FA14500DC6BCB /* Frameworks */,
				D63F2B6B207FA14500DC6BCB /* Resources */,
			);
			buildRules = (
			);
			dependencies = (
				D63F2B6F207FA14500DC6BCB /* PBXTargetDependency */,
			);
			name = compaTests;
			productName = compaTests;
			productReference = D63F2B6D207FA14500DC6BCB /* compaTests.xctest */;
			productType = "com.apple.product-type.bundle.unit-test";
		};
		D63F2B77207FA14500DC6BCB /* compaUITests */ = {
			isa = PBXNativeTarget;
			buildConfigurationList = D63F2B87207FA14500DC6BCB /* Build configuration list for PBXNativeTarget "compaUITests" */;
			buildPhases = (
				D63F2B74207FA14500DC6BCB /* Sources */,
				D63F2B75207FA14500DC6BCB /* Frameworks */,
				D63F2B76207FA14500DC6BCB /* Resources */,
			);
			buildRules = (
			);
			dependencies = (
				D63F2B7A207FA14500DC6BCB /* PBXTargetDependency */,
			);
			name = compaUITests;
			productName = compaUITests;
			productReference = D63F2B78207FA14500DC6BCB /* compaUITests.xctest */;
			productType = "com.apple.product-type.bundle.ui-testing";
		};
/* End PBXNativeTarget section */

/* Begin PBXProject section */
		D63F2B51207FA14500DC6BCB /* Project object */ = {
			isa = PBXProject;
			attributes = {
				LastSwiftUpdateCheck = 0830;
				LastUpgradeCheck = 0830;
				ORGANIZATIONNAME = m2sar;
				TargetAttributes = {
					D63F2B58207FA14500DC6BCB = {
						CreatedOnToolsVersion = 8.3.3;
						DevelopmentTeam = 5T2568Z7V9;
						ProvisioningStyle = Automatic;
					};
					D63F2B6C207FA14500DC6BCB = {
						CreatedOnToolsVersion = 8.3.3;
						ProvisioningStyle = Automatic;
						TestTargetID = D63F2B58207FA14500DC6BCB;
					};
					D63F2B77207FA14500DC6BCB = {
						CreatedOnToolsVersion = 8.3.3;
						ProvisioningStyle = Automatic;
						TestTargetID = D63F2B58207FA14500DC6BCB;
					};
				};
			};
			buildConfigurationList = D63F2B54207FA14500DC6BCB /* Build configuration list for PBXProject "compa" */;
			compatibilityVersion = "Xcode 3.2";
			developmentRegion = English;
			hasScannedForEncodings = 0;
			knownRegions = (
				en,
				Base,
			);
			mainGroup = D63F2B50207FA14500DC6BCB;
			productRefGroup = D63F2B5A207FA14500DC6BCB /* Products */;
			projectDirPath = "";
			projectRoot = "";
			targets = (
				D63F2B58207FA14500DC6BCB /* compa */,
				D63F2B6C207FA14500DC6BCB /* compaTests */,
				D63F2B77207FA14500DC6BCB /* compaUITests */,
			);
		};
/* End PBXProject section */

/* Begin PBXResourcesBuildPhase section */
		D63F2B57207FA14500DC6BCB /* Resources */ = {
			isa = PBXResourcesBuildPhase;
			buildActionMask = 2147483647;
			files = (
				D63F2B67207FA14500DC6BCB /* LaunchScreen.storyboard in Resources */,
				D63DEB1320C0760700C54FA4 /* UserDetailMapView.xib in Resources */,
				D63F2B64207FA14500DC6BCB /* Assets.xcassets in Resources */,
				D63F2B62207FA14500DC6BCB /* Main.storyboard in Resources */,
			);
			runOnlyForDeploymentPostprocessing = 0;
		};
		D63F2B6B207FA14500DC6BCB /* Resources */ = {
			isa = PBXResourcesBuildPhase;
			buildActionMask = 2147483647;
			files = (
			);
			runOnlyForDeploymentPostprocessing = 0;
		};
		D63F2B76207FA14500DC6BCB /* Resources */ = {
			isa = PBXResourcesBuildPhase;
			buildActionMask = 2147483647;
			files = (
			);
			runOnlyForDeploymentPostprocessing = 0;
		};
/* End PBXResourcesBuildPhase section */

/* Begin PBXSourcesBuildPhase section */
		D63F2B55207FA14500DC6BCB /* Sources */ = {
			isa = PBXSourcesBuildPhase;
			buildActionMask = 2147483647;
			files = (
				D6289B1120C07501000C1DF1 /* UserAnnotationView.swift in Sources */,
				D61E165A20A9A411003EB242 /* MapViewController.swift in Sources */,
				26E697FA20BF137900E1DA8B /* FriendCell.swift in Sources */,
				D63DEB1220C0760700C54FA4 /* UserDetailMapView.swift in Sources */,
				D6E9182320C16BE100B37135 /* SearchTextField.swift in Sources */,
				D676FA2920B45C0A00B46CCF /* Location.swift in Sources */,
				D65CF9A220B70672009CC9CD /* BlockedUsersTableView.swift in Sources */,
				D6FA2B0820B582B30009686E /* FriendProfileViewController.swift in Sources */,
				D6551D3320C5BF31006482A5 /* MainViewController.swift in Sources */,
				D649BC9720C19210006268DD /* FriendshipRepository.swift in Sources */,
				D61E166620A9A482003EB242 /* UserRepository.swift in Sources */,
				D61E166120A9A455003EB242 /* User.swift in Sources */,
				D692E83020C818C100A3AC49 /* ProfileViewController.swift in Sources */,
				D6551D2D20C57BB6006482A5 /* ImageService.swift in Sources */,
				D68116E920BC869F00E41866 /* UIViewControllerExtension.swift in Sources */,
				26E697FD20BF1A7600E1DA8B /* LocationRepository.swift in Sources */,
				D65CF9A020B70358009CC9CD /* FriendRequestTableView.swift in Sources */,
				D6289B1020C07501000C1DF1 /* UserAnnotation.swift in Sources */,
				D6E9CBDB20AEF37000DF5CE0 /* FriendViewController.swift in Sources */,
				D678DF1F20C2EAF200B2C68B /* ForgottenPasswordViewController.swift in Sources */,
				D6FA2B0A20B588350009686E /* EditProfileViewController.swift in Sources */,
				D692E83220C8327600A3AC49 /* RequestSendedCell.swift in Sources */,
				D665FCDC20AC411B00B81545 /* RegisterViewController.swift in Sources */,
				D61E165E20A9A442003EB242 /* HTTPService.swift in Sources */,
				D68116EA20BC87A300E41866 /* LoginViewController.swift in Sources */,
				26E697F920BF137900E1DA8B /* BlockedCell.swift in Sources */,
				D6551D2F20C59A1E006482A5 /* UpdatePasswordViewController.swift in Sources */,
				D63F2B5D207FA14500DC6BCB /* AppDelegate.swift in Sources */,
				26E697FB20BF137900E1DA8B /* RequestCell.swift in Sources */,
				D665FCDF20AC489700B81545 /* AuthenticationService.swift in Sources */,
			);
			runOnlyForDeploymentPostprocessing = 0;
		};
		D63F2B69207FA14500DC6BCB /* Sources */ = {
			isa = PBXSourcesBuildPhase;
			buildActionMask = 2147483647;
			files = (
				D63F2B72207FA14500DC6BCB /* compaTests.swift in Sources */,
			);
			runOnlyForDeploymentPostprocessing = 0;
		};
		D63F2B74207FA14500DC6BCB /* Sources */ = {
			isa = PBXSourcesBuildPhase;
			buildActionMask = 2147483647;
			files = (
				D63F2B7D207FA14500DC6BCB /* compaUITests.swift in Sources */,
			);
			runOnlyForDeploymentPostprocessing = 0;
		};
/* End PBXSourcesBuildPhase section */

/* Begin PBXTargetDependency section */
		D63F2B6F207FA14500DC6BCB /* PBXTargetDependency */ = {
			isa = PBXTargetDependency;
			target = D63F2B58207FA14500DC6BCB /* compa */;
			targetProxy = D63F2B6E207FA14500DC6BCB /* PBXContainerItemProxy */;
		};
		D63F2B7A207FA14500DC6BCB /* PBXTargetDependency */ = {
			isa = PBXTargetDependency;
			target = D63F2B58207FA14500DC6BCB /* compa */;
			targetProxy = D63F2B79207FA14500DC6BCB /* PBXContainerItemProxy */;
		};
/* End PBXTargetDependency section */

/* Begin PBXVariantGroup section */
		D63F2B60207FA14500DC6BCB /* Main.storyboard */ = {
			isa = PBXVariantGroup;
			children = (
				D63F2B61207FA14500DC6BCB /* Base */,
			);
			name = Main.storyboard;
			sourceTree = "<group>";
		};
		D63F2B65207FA14500DC6BCB /* LaunchScreen.storyboard */ = {
			isa = PBXVariantGroup;
			children = (
				D63F2B66207FA14500DC6BCB /* Base */,
			);
			name = LaunchScreen.storyboard;
			sourceTree = "<group>";
		};
/* End PBXVariantGroup section */

/* Begin XCBuildConfiguration section */
		D63F2B7F207FA14500DC6BCB /* Debug */ = {
			isa = XCBuildConfiguration;
			buildSettings = {
				ALWAYS_SEARCH_USER_PATHS = NO;
				CLANG_ANALYZER_NONNULL = YES;
				CLANG_ANALYZER_NUMBER_OBJECT_CONVERSION = YES_AGGRESSIVE;
				CLANG_CXX_LANGUAGE_STANDARD = "gnu++0x";
				CLANG_CXX_LIBRARY = "libc++";
				CLANG_ENABLE_MODULES = YES;
				CLANG_ENABLE_OBJC_ARC = YES;
				CLANG_WARN_BOOL_CONVERSION = YES;
				CLANG_WARN_CONSTANT_CONVERSION = YES;
				CLANG_WARN_DIRECT_OBJC_ISA_USAGE = YES_ERROR;
				CLANG_WARN_DOCUMENTATION_COMMENTS = YES;
				CLANG_WARN_EMPTY_BODY = YES;
				CLANG_WARN_ENUM_CONVERSION = YES;
				CLANG_WARN_INFINITE_RECURSION = YES;
				CLANG_WARN_INT_CONVERSION = YES;
				CLANG_WARN_OBJC_ROOT_CLASS = YES_ERROR;
				CLANG_WARN_SUSPICIOUS_MOVE = YES;
				CLANG_WARN_UNREACHABLE_CODE = YES;
				CLANG_WARN__DUPLICATE_METHOD_MATCH = YES;
				"CODE_SIGN_IDENTITY[sdk=iphoneos*]" = "iPhone Developer";
				COPY_PHASE_STRIP = NO;
				DEBUG_INFORMATION_FORMAT = dwarf;
				ENABLE_STRICT_OBJC_MSGSEND = YES;
				ENABLE_TESTABILITY = YES;
				GCC_C_LANGUAGE_STANDARD = gnu99;
				GCC_DYNAMIC_NO_PIC = NO;
				GCC_NO_COMMON_BLOCKS = YES;
				GCC_OPTIMIZATION_LEVEL = 0;
				GCC_PREPROCESSOR_DEFINITIONS = (
					"DEBUG=1",
					"$(inherited)",
				);
				GCC_WARN_64_TO_32_BIT_CONVERSION = YES;
				GCC_WARN_ABOUT_RETURN_TYPE = YES_ERROR;
				GCC_WARN_UNDECLARED_SELECTOR = YES;
				GCC_WARN_UNINITIALIZED_AUTOS = YES_AGGRESSIVE;
				GCC_WARN_UNUSED_FUNCTION = YES;
				GCC_WARN_UNUSED_VARIABLE = YES;
				IPHONEOS_DEPLOYMENT_TARGET = 10.3;
				MTL_ENABLE_DEBUG_INFO = YES;
				ONLY_ACTIVE_ARCH = YES;
				SDKROOT = iphoneos;
				SWIFT_ACTIVE_COMPILATION_CONDITIONS = DEBUG;
				SWIFT_OPTIMIZATION_LEVEL = "-Onone";
				TARGETED_DEVICE_FAMILY = "1,2";
			};
			name = Debug;
		};
		D63F2B80207FA14500DC6BCB /* Release */ = {
			isa = XCBuildConfiguration;
			buildSettings = {
				ALWAYS_SEARCH_USER_PATHS = NO;
				CLANG_ANALYZER_NONNULL = YES;
				CLANG_ANALYZER_NUMBER_OBJECT_CONVERSION = YES_AGGRESSIVE;
				CLANG_CXX_LANGUAGE_STANDARD = "gnu++0x";
				CLANG_CXX_LIBRARY = "libc++";
				CLANG_ENABLE_MODULES = YES;
				CLANG_ENABLE_OBJC_ARC = YES;
				CLANG_WARN_BOOL_CONVERSION = YES;
				CLANG_WARN_CONSTANT_CONVERSION = YES;
				CLANG_WARN_DIRECT_OBJC_ISA_USAGE = YES_ERROR;
				CLANG_WARN_DOCUMENTATION_COMMENTS = YES;
				CLANG_WARN_EMPTY_BODY = YES;
				CLANG_WARN_ENUM_CONVERSION = YES;
				CLANG_WARN_INFINITE_RECURSION = YES;
				CLANG_WARN_INT_CONVERSION = YES;
				CLANG_WARN_OBJC_ROOT_CLASS = YES_ERROR;
				CLANG_WARN_SUSPICIOUS_MOVE = YES;
				CLANG_WARN_UNREACHABLE_CODE = YES;
				CLANG_WARN__DUPLICATE_METHOD_MATCH = YES;
				"CODE_SIGN_IDENTITY[sdk=iphoneos*]" = "iPhone Developer";
				COPY_PHASE_STRIP = NO;
				DEBUG_INFORMATION_FORMAT = "dwarf-with-dsym";
				ENABLE_NS_ASSERTIONS = NO;
				ENABLE_STRICT_OBJC_MSGSEND = YES;
				GCC_C_LANGUAGE_STANDARD = gnu99;
				GCC_NO_COMMON_BLOCKS = YES;
				GCC_WARN_64_TO_32_BIT_CONVERSION = YES;
				GCC_WARN_ABOUT_RETURN_TYPE = YES_ERROR;
				GCC_WARN_UNDECLARED_SELECTOR = YES;
				GCC_WARN_UNINITIALIZED_AUTOS = YES_AGGRESSIVE;
				GCC_WARN_UNUSED_FUNCTION = YES;
				GCC_WARN_UNUSED_VARIABLE = YES;
				IPHONEOS_DEPLOYMENT_TARGET = 10.3;
				MTL_ENABLE_DEBUG_INFO = NO;
				SDKROOT = iphoneos;
				SWIFT_OPTIMIZATION_LEVEL = "-Owholemodule";
				TARGETED_DEVICE_FAMILY = "1,2";
				VALIDATE_PRODUCT = YES;
			};
			name = Release;
		};
		D63F2B82207FA14500DC6BCB /* Debug */ = {
			isa = XCBuildConfiguration;
			buildSettings = {
				ASSETCATALOG_COMPILER_APPICON_NAME = AppIcon;
				DEVELOPMENT_TEAM = 5T2568Z7V9;
				INFOPLIST_FILE = compa/Info.plist;
				LD_RUNPATH_SEARCH_PATHS = "$(inherited) @executable_path/Frameworks";
				PRODUCT_BUNDLE_IDENTIFIER = com.dant.compa;
				PRODUCT_NAME = "$(TARGET_NAME)";
				SWIFT_VERSION = 3.0;
			};
			name = Debug;
		};
		D63F2B83207FA14500DC6BCB /* Release */ = {
			isa = XCBuildConfiguration;
			buildSettings = {
				ASSETCATALOG_COMPILER_APPICON_NAME = AppIcon;
				DEVELOPMENT_TEAM = 5T2568Z7V9;
				INFOPLIST_FILE = compa/Info.plist;
				LD_RUNPATH_SEARCH_PATHS = "$(inherited) @executable_path/Frameworks";
				PRODUCT_BUNDLE_IDENTIFIER = com.dant.compa;
				PRODUCT_NAME = "$(TARGET_NAME)";
				SWIFT_VERSION = 3.0;
			};
			name = Release;
		};
		D63F2B85207FA14500DC6BCB /* Debug */ = {
			isa = XCBuildConfiguration;
			buildSettings = {
				ALWAYS_EMBED_SWIFT_STANDARD_LIBRARIES = YES;
				BUNDLE_LOADER = "$(TEST_HOST)";
				INFOPLIST_FILE = compaTests/Info.plist;
				LD_RUNPATH_SEARCH_PATHS = "$(inherited) @executable_path/Frameworks @loader_path/Frameworks";
				PRODUCT_BUNDLE_IDENTIFIER = com.dant.compaTests;
				PRODUCT_NAME = "$(TARGET_NAME)";
				SWIFT_VERSION = 3.0;
				TEST_HOST = "$(BUILT_PRODUCTS_DIR)/compa.app/compa";
			};
			name = Debug;
		};
		D63F2B86207FA14500DC6BCB /* Release */ = {
			isa = XCBuildConfiguration;
			buildSettings = {
				ALWAYS_EMBED_SWIFT_STANDARD_LIBRARIES = YES;
				BUNDLE_LOADER = "$(TEST_HOST)";
				INFOPLIST_FILE = compaTests/Info.plist;
				LD_RUNPATH_SEARCH_PATHS = "$(inherited) @executable_path/Frameworks @loader_path/Frameworks";
				PRODUCT_BUNDLE_IDENTIFIER = com.dant.compaTests;
				PRODUCT_NAME = "$(TARGET_NAME)";
				SWIFT_VERSION = 3.0;
				TEST_HOST = "$(BUILT_PRODUCTS_DIR)/compa.app/compa";
			};
			name = Release;
		};
		D63F2B88207FA14500DC6BCB /* Debug */ = {
			isa = XCBuildConfiguration;
			buildSettings = {
				ALWAYS_EMBED_SWIFT_STANDARD_LIBRARIES = YES;
				INFOPLIST_FILE = compaUITests/Info.plist;
				LD_RUNPATH_SEARCH_PATHS = "$(inherited) @executable_path/Frameworks @loader_path/Frameworks";
				PRODUCT_BUNDLE_IDENTIFIER = com.dant.compaUITests;
				PRODUCT_NAME = "$(TARGET_NAME)";
				SWIFT_VERSION = 3.0;
				TEST_TARGET_NAME = compa;
			};
			name = Debug;
		};
		D63F2B89207FA14500DC6BCB /* Release */ = {
			isa = XCBuildConfiguration;
			buildSettings = {
				ALWAYS_EMBED_SWIFT_STANDARD_LIBRARIES = YES;
				INFOPLIST_FILE = compaUITests/Info.plist;
				LD_RUNPATH_SEARCH_PATHS = "$(inherited) @executable_path/Frameworks @loader_path/Frameworks";
				PRODUCT_BUNDLE_IDENTIFIER = com.dant.compaUITests;
				PRODUCT_NAME = "$(TARGET_NAME)";
				SWIFT_VERSION = 3.0;
				TEST_TARGET_NAME = compa;
			};
			name = Release;
		};
/* End XCBuildConfiguration section */

/* Begin XCConfigurationList section */
		D63F2B54207FA14500DC6BCB /* Build configuration list for PBXProject "compa" */ = {
			isa = XCConfigurationList;
			buildConfigurations = (
				D63F2B7F207FA14500DC6BCB /* Debug */,
				D63F2B80207FA14500DC6BCB /* Release */,
			);
			defaultConfigurationIsVisible = 0;
			defaultConfigurationName = Release;
		};
		D63F2B81207FA14500DC6BCB /* Build configuration list for PBXNativeTarget "compa" */ = {
			isa = XCConfigurationList;
			buildConfigurations = (
				D63F2B82207FA14500DC6BCB /* Debug */,
				D63F2B83207FA14500DC6BCB /* Release */,
			);
			defaultConfigurationIsVisible = 0;
			defaultConfigurationName = Release;
		};
		D63F2B84207FA14500DC6BCB /* Build configuration list for PBXNativeTarget "compaTests" */ = {
			isa = XCConfigurationList;
			buildConfigurations = (
				D63F2B85207FA14500DC6BCB /* Debug */,
				D63F2B86207FA14500DC6BCB /* Release */,
			);
			defaultConfigurationIsVisible = 0;
			defaultConfigurationName = Release;
		};
		D63F2B87207FA14500DC6BCB /* Build configuration list for PBXNativeTarget "compaUITests" */ = {
			isa = XCConfigurationList;
			buildConfigurations = (
				D63F2B88207FA14500DC6BCB /* Debug */,
				D63F2B89207FA14500DC6BCB /* Release */,
			);
			defaultConfigurationIsVisible = 0;
			defaultConfigurationName = Release;
		};
/* End XCConfigurationList section */
	};
	rootObject = D63F2B51207FA14500DC6BCB /* Project object */;
}
